
Microsoft Visual Studio Solution File, Format Version 12.00
# Visual Studio 15
VisualStudioVersion = 15.0.27004.2009
MinimumVisualStudioVersion = 10.0.40219.1
Project("{FAE04EC0-301F-11D3-BF4B-00C04F79EFBC}") = "Exchange.Android", "Exchange\Exchange.Android\Exchange.Android.csproj", "{F89EBBD9-9964-4B1D-83BC-901118E8EC6D}"
EndProject
Project("{FAE04EC0-301F-11D3-BF4B-00C04F79EFBC}") = "Exchange", "Exchange\Exchange\Exchange.csproj", "{C078FC06-9194-47A0-B90F-78FDDFFD8939}"
EndProject
Project("{FAE04EC0-301F-11D3-BF4B-00C04F79EFBC}") = "Exchange.iOS", "Exchange\Exchange.iOS\Exchange.iOS.csproj", "{1062C783-00B4-447D-B55E-AE7B70F60EBD}"
EndProject
Global
	GlobalSection(SolutionConfigurationPlatforms) = preSolution
		Ad-Hoc|Any CPU = Ad-Hoc|Any CPU
		Ad-Hoc|iPhone = Ad-Hoc|iPhone
		Ad-Hoc|iPhoneSimulator = Ad-Hoc|iPhoneSimulator
		AppStore|Any CPU = AppStore|Any CPU
		AppStore|iPhone = AppStore|iPhone
		AppStore|iPhoneSimulator = AppStore|iPhoneSimulator
		Debug|Any CPU = Debug|Any CPU
		Debug|iPhone = Debug|iPhone
		Debug|iPhoneSimulator = Debug|iPhoneSimulator
		Release|Any CPU = Release|Any CPU
		Release|iPhone = Release|iPhone
		Release|iPhoneSimulator = Release|iPhoneSimulator
	EndGlobalSection
	GlobalSection(ProjectConfigurationPlatforms) = postSolution
		{F89EBBD9-9964-4B1D-83BC-901118E8EC6D}.Ad-Hoc|Any CPU.ActiveCfg = Release|Any CPU
		{F89EBBD9-9964-4B1D-83BC-901118E8EC6D}.Ad-Hoc|Any CPU.Build.0 = Release|Any CPU
		{F89EBBD9-9964-4B1D-83BC-901118E8EC6D}.Ad-Hoc|Any CPU.Deploy.0 = Release|Any CPU
		{F89EBBD9-9964-4B1D-83BC-901118E8EC6D}.Ad-Hoc|iPhone.ActiveCfg = Release|Any CPU
		{F89EBBD9-9964-4B1D-83BC-901118E8EC6D}.Ad-Hoc|iPhone.Build.0 = Release|Any CPU
		{F89EBBD9-9964-4B1D-83BC-901118E8EC6D}.Ad-Hoc|iPhone.Deploy.0 = Release|Any CPU
		{F89EBBD9-9964-4B1D-83BC-901118E8EC6D}.Ad-Hoc|iPhoneSimulator.ActiveCfg = Release|Any CPU
		{F89EBBD9-9964-4B1D-83BC-901118E8EC6D}.Ad-Hoc|iPhoneSimulator.Build.0 = Release|Any CPU
		{F89EBBD9-9964-4B1D-83BC-901118E8EC6D}.Ad-Hoc|iPhoneSimulator.Deploy.0 = Release|Any CPU
		{F89EBBD9-9964-4B1D-83BC-901118E8EC6D}.AppStore|Any CPU.ActiveCfg = Release|Any CPU
		{F89EBBD9-9964-4B1D-83BC-901118E8EC6D}.AppStore|Any CPU.Build.0 = Release|Any CPU
		{F89EBBD9-9964-4B1D-83BC-901118E8EC6D}.AppStore|Any CPU.Deploy.0 = Release|Any CPU
		{F89EBBD9-9964-4B1D-83BC-901118E8EC6D}.AppStore|iPhone.ActiveCfg = Release|Any CPU
		{F89EBBD9-9964-4B1D-83BC-901118E8EC6D}.AppStore|iPhone.Build.0 = Release|Any CPU
		{F89EBBD9-9964-4B1D-83BC-901118E8EC6D}.AppStore|iPhone.Deploy.0 = Release|Any CPU
		{F89EBBD9-9964-4B1D-83BC-901118E8EC6D}.AppStore|iPhoneSimulator.ActiveCfg = Release|Any CPU
		{F89EBBD9-9964-4B1D-83BC-901118E8EC6D}.AppStore|iPhoneSimulator.Build.0 = Release|Any CPU
		{F89EBBD9-9964-4B1D-83BC-901118E8EC6D}.AppStore|iPhoneSimulator.Deploy.0 = Release|Any CPU
		{F89EBBD9-9964-4B1D-83BC-901118E8EC6D}.Debug|Any CPU.ActiveCfg = Debug|Any CPU
		{F89EBBD9-9964-4B1D-83BC-901118E8EC6D}.Debug|Any CPU.Build.0 = Debug|Any CPU
		{F89EBBD9-9964-4B1D-83BC-901118E8EC6D}.Debug|Any CPU.Deploy.0 = Debug|Any CPU
		{F89EBBD9-9964-4B1D-83BC-901118E8EC6D}.Debug|iPhone.ActiveCfg = Debug|Any CPU
		{F89EBBD9-9964-4B1D-83BC-901118E8EC6D}.Debug|iPhone.Build.0 = Debug|Any CPU
		{F89EBBD9-9964-4B1D-83BC-901118E8EC6D}.Debug|iPhone.Deploy.0 = Debug|Any CPU
		{F89EBBD9-9964-4B1D-83BC-901118E8EC6D}.Debug|iPhoneSimulator.ActiveCfg = Debug|Any CPU
		{F89EBBD9-9964-4B1D-83BC-901118E8EC6D}.Debug|iPhoneSimulator.Build.0 = Debug|Any CPU
		{F89EBBD9-9964-4B1D-83BC-901118E8EC6D}.Debug|iPhoneSimulator.Deploy.0 = Debug|Any CPU
		{F89EBBD9-9964-4B1D-83BC-901118E8EC6D}.Release|Any CPU.ActiveCfg = Release|Any CPU
		{F89EBBD9-9964-4B1D-83BC-901118E8EC6D}.Release|Any CPU.Build.0 = Release|Any CPU
		{F89EBBD9-9964-4B1D-83BC-901118E8EC6D}.Release|Any CPU.Deploy.0 = Release|Any CPU
		{F89EBBD9-9964-4B1D-83BC-901118E8EC6D}.Release|iPhone.ActiveCfg = Release|Any CPU
		{F89EBBD9-9964-4B1D-83BC-901118E8EC6D}.Release|iPhone.Build.0 = Release|Any CPU
		{F89EBBD9-9964-4B1D-83BC-901118E8EC6D}.Release|iPhone.Deploy.0 = Release|Any CPU
		{F89EBBD9-9964-4B1D-83BC-901118E8EC6D}.Release|iPhoneSimulator.ActiveCfg = Release|Any CPU
		{F89EBBD9-9964-4B1D-83BC-901118E8EC6D}.Release|iPhoneSimulator.Build.0 = Release|Any CPU
		{F89EBBD9-9964-4B1D-83BC-901118E8EC6D}.Release|iPhoneSimulator.Deploy.0 = Release|Any CPU
		{C078FC06-9194-47A0-B90F-78FDDFFD8939}.Ad-Hoc|Any CPU.ActiveCfg = Release|Any CPU
		{C078FC06-9194-47A0-B90F-78FDDFFD8939}.Ad-Hoc|Any CPU.Build.0 = Release|Any CPU
		{C078FC06-9194-47A0-B90F-78FDDFFD8939}.Ad-Hoc|iPhone.ActiveCfg = Release|Any CPU
		{C078FC06-9194-47A0-B90F-78FDDFFD8939}.Ad-Hoc|iPhone.Build.0 = Release|Any CPU
		{C078FC06-9194-47A0-B90F-78FDDFFD8939}.Ad-Hoc|iPhoneSimulator.ActiveCfg = Release|Any CPU
		{C078FC06-9194-47A0-B90F-78FDDFFD8939}.Ad-Hoc|iPhoneSimulator.Build.0 = Release|Any CPU
		{C078FC06-9194-47A0-B90F-78FDDFFD8939}.AppStore|Any CPU.ActiveCfg = Release|Any CPU
		{C078FC06-9194-47A0-B90F-78FDDFFD8939}.AppStore|Any CPU.Build.0 = Release|Any CPU
		{C078FC06-9194-47A0-B90F-78FDDFFD8939}.AppStore|iPhone.ActiveCfg = Release|Any CPU
		{C078FC06-9194-47A0-B90F-78FDDFFD8939}.AppStore|iPhone.Build.0 = Release|Any CPU
		{C078FC06-9194-47A0-B90F-78FDDFFD8939}.AppStore|iPhoneSimulator.ActiveCfg = Release|Any CPU
		{C078FC06-9194-47A0-B90F-78FDDFFD8939}.AppStore|iPhoneSimulator.Build.0 = Release|Any CPU
		{C078FC06-9194-47A0-B90F-78FDDFFD8939}.Debug|Any CPU.ActiveCfg = Debug|Any CPU
		{C078FC06-9194-47A0-B90F-78FDDFFD8939}.Debug|Any CPU.Build.0 = Debug|Any CPU
		{C078FC06-9194-47A0-B90F-78FDDFFD8939}.Debug|iPhone.ActiveCfg = Debug|Any CPU
		{C078FC06-9194-47A0-B90F-78FDDFFD8939}.Debug|iPhone.Build.0 = Debug|Any CPU
		{C078FC06-9194-47A0-B90F-78FDDFFD8939}.Debug|iPhoneSimulator.ActiveCfg = Debug|Any CPU
		{C078FC06-9194-47A0-B90F-78FDDFFD8939}.Debug|iPhoneSimulator.Build.0 = Debug|Any CPU
		{C078FC06-9194-47A0-B90F-78FDDFFD8939}.Release|Any CPU.ActiveCfg = Release|Any CPU
		{C078FC06-9194-47A0-B90F-78FDDFFD8939}.Release|Any CPU.Build.0 = Release|Any CPU
		{C078FC06-9194-47A0-B90F-78FDDFFD8939}.Release|iPhone.ActiveCfg = Release|Any CPU
		{C078FC06-9194-47A0-B90F-78FDDFFD8939}.Release|iPhone.Build.0 = Release|Any CPU
		{C078FC06-9194-47A0-B90F-78FDDFFD8939}.Release|iPhoneSimulator.ActiveCfg = Release|Any CPU
		{C078FC06-9194-47A0-B90F-78FDDFFD8939}.Release|iPhoneSimulator.Build.0 = Release|Any CPU
		{1062C783-00B4-447D-B55E-AE7B70F60EBD}.Ad-Hoc|Any CPU.ActiveCfg = Ad-Hoc|iPhoneSimulator
		{1062C783-00B4-447D-B55E-AE7B70F60EBD}.Ad-Hoc|iPhone.ActiveCfg = Ad-Hoc|iPhone
		{1062C783-00B4-447D-B55E-AE7B70F60EBD}.Ad-Hoc|iPhone.Build.0 = Ad-Hoc|iPhone
		{1062C783-00B4-447D-B55E-AE7B70F60EBD}.Ad-Hoc|iPhoneSimulator.ActiveCfg = Ad-Hoc|iPhoneSimulator
		{1062C783-00B4-447D-B55E-AE7B70F60EBD}.Ad-Hoc|iPhoneSimulator.Build.0 = Ad-Hoc|iPhoneSimulator
		{1062C783-00B4-447D-B55E-AE7B70F60EBD}.AppStore|Any CPU.ActiveCfg = AppStore|iPhoneSimulator
		{1062C783-00B4-447D-B55E-AE7B70F60EBD}.AppStore|iPhone.ActiveCfg = AppStore|iPhone
		{1062C783-00B4-447D-B55E-AE7B70F60EBD}.AppStore|iPhone.Build.0 = AppStore|iPhone
		{1062C783-00B4-447D-B55E-AE7B70F60EBD}.AppStore|iPhoneSimulator.ActiveCfg = AppStore|iPhoneSimulator
		{1062C783-00B4-447D-B55E-AE7B70F60EBD}.AppStore|iPhoneSimulator.Build.0 = AppStore|iPhoneSimulator
		{1062C783-00B4-447D-B55E-AE7B70F60EBD}.Debug|Any CPU.ActiveCfg = Debug|iPhoneSimulator
		{1062C783-00B4-447D-B55E-AE7B70F60EBD}.Debug|iPhone.ActiveCfg = Debug|iPhone
		{1062C783-00B4-447D-B55E-AE7B70F60EBD}.Debug|iPhone.Build.0 = Debug|iPhone
		{1062C783-00B4-447D-B55E-AE7B70F60EBD}.Debug|iPhoneSimulator.ActiveCfg = Debug|iPhoneSimulator
		{1062C783-00B4-447D-B55E-AE7B70F60EBD}.Debug|iPhoneSimulator.Build.0 = Debug|iPhoneSimulator
		{1062C783-00B4-447D-B55E-AE7B70F60EBD}.Release|Any CPU.ActiveCfg = Release|iPhoneSimulator
		{1062C783-00B4-447D-B55E-AE7B70F60EBD}.Release|iPhone.ActiveCfg = Release|iPhone
		{1062C783-00B4-447D-B55E-AE7B70F60EBD}.Release|iPhone.Build.0 = Release|iPhone
		{1062C783-00B4-447D-B55E-AE7B70F60EBD}.Release|iPhoneSimulator.ActiveCfg = Release|iPhoneSimulator
		{1062C783-00B4-447D-B55E-AE7B70F60EBD}.Release|iPhoneSimulator.Build.0 = Release|iPhoneSimulator
	EndGlobalSection
	GlobalSection(SolutionProperties) = preSolution
		HideSolutionNode = FALSE
	EndGlobalSection
	GlobalSection(ExtensibilityGlobals) = postSolution
		SolutionGuid = {26ADBF60-F880-48BC-A855-C289245B6D81}
	EndGlobalSection
EndGlobal
